
Microsoft Visual Studio Solution File, Format Version 12.00
# Visual Studio 15
VisualStudioVersion = 15.0.27130.2010
MinimumVisualStudioVersion = 10.0.40219.1
Project("{FAE04EC0-301F-11D3-BF4B-00C04F79EFBC}") = "Xml", "Xml\Xml.csproj", "{F61ABF6B-53B1-47C6-BFB8-A368A346408E}"
EndProject
Global
	GlobalSection(SolutionConfigurationPlatforms) = preSolution
		Debug|Any CPU = Debug|Any CPU
		Release|Any CPU = Release|Any CPU
	EndGlobalSection
	GlobalSection(ProjectConfigurationPlatforms) = postSolution
		{F61ABF6B-53B1-47C6-BFB8-A368A346408E}.Debug|Any CPU.ActiveCfg = Debug|Any CPU
		{F61ABF6B-53B1-47C6-BFB8-A368A346408E}.Debug|Any CPU.Build.0 = Debug|Any CPU
		{F61ABF6B-53B1-47C6-BFB8-A368A346408E}.Release|Any CPU.ActiveCfg = Release|Any CPU
		{F61ABF6B-53B1-47C6-BFB8-A368A346408E}.Release|Any CPU.Build.0 = Release|Any CPU
	EndGlobalSection
	GlobalSection(SolutionProperties) = preSolution
		HideSolutionNode = FALSE
	EndGlobalSection
	GlobalSection(ExtensibilityGlobals) = postSolution
		SolutionGuid = {FA5CFDB3-AB8D-45A0-A4BB-B04D9194AD51}
	EndGlobalSection
EndGlobal
